
Microsoft Visual Studio Solution File, Format Version 12.00
# Visual Studio Version 17
VisualStudioVersion = 17.11.35327.3
MinimumVisualStudioVersion = 10.0.40219.1
Project("{9A19103F-16F7-4668-BE54-9A1E7A4F7556}") = "BlazorFrontEnd", "BlazorFrontEnd\BlazorFrontEnd.csproj", "{D0CF1A33-66AD-47D7-B3F3-0F4D8DF6AF87}"
EndProject
Project("{9A19103F-16F7-4668-BE54-9A1E7A4F7556}") = "backendMpact", "backendMpact\backendMpact.csproj", "{8CB4F06F-218C-405B-A174-FB7217D1A148}"
EndProject
Global
	GlobalSection(SolutionConfigurationPlatforms) = preSolution
		Debug|Any CPU = Debug|Any CPU
		Release|Any CPU = Release|Any CPU
	EndGlobalSection
	GlobalSection(ProjectConfigurationPlatforms) = postSolution
		{D0CF1A33-66AD-47D7-B3F3-0F4D8DF6AF87}.Debug|Any CPU.ActiveCfg = Debug|Any CPU
		{D0CF1A33-66AD-47D7-B3F3-0F4D8DF6AF87}.Debug|Any CPU.Build.0 = Debug|Any CPU
		{D0CF1A33-66AD-47D7-B3F3-0F4D8DF6AF87}.Release|Any CPU.ActiveCfg = Release|Any CPU
		{D0CF1A33-66AD-47D7-B3F3-0F4D8DF6AF87}.Release|Any CPU.Build.0 = Release|Any CPU
		{8CB4F06F-218C-405B-A174-FB7217D1A148}.Debug|Any CPU.ActiveCfg = Debug|Any CPU
		{8CB4F06F-218C-405B-A174-FB7217D1A148}.Debug|Any CPU.Build.0 = Debug|Any CPU
		{8CB4F06F-218C-405B-A174-FB7217D1A148}.Release|Any CPU.ActiveCfg = Release|Any CPU
		{8CB4F06F-218C-405B-A174-FB7217D1A148}.Release|Any CPU.Build.0 = Release|Any CPU
	EndGlobalSection
	GlobalSection(SolutionProperties) = preSolution
		HideSolutionNode = FALSE
	EndGlobalSection
	GlobalSection(ExtensibilityGlobals) = postSolution
		SolutionGuid = {6A0A524B-9EA7-45A3-928C-5B0DD0B86804}
	EndGlobalSection
EndGlobal
